
Microsoft Visual Studio Solution File, Format Version 12.00
# Visual Studio 14
VisualStudioVersion = 14.0.22609.0
MinimumVisualStudioVersion = 10.0.40219.1
Project("{2150E333-8FDC-42A3-9474-1A3956D46DE8}") = "src", "src", "{0AA83FA6-3840-4DCC-8C31-DFEF374C4B09}"
EndProject
Project("{2150E333-8FDC-42A3-9474-1A3956D46DE8}") = "Solution Items", "Solution Items", "{F0824433-FD25-4406-AE2D-56F32196852C}"
	ProjectSection(SolutionItems) = preProject
		global.json = global.json
	EndProjectSection
EndProject
Project("{8BB2217D-0F2D-49D1-97BC-3654ED321F3B}") = "UIDemos", "src\UIDemos\UIDemos.kproj", "{0130750F-C772-403C-9C22-E6256A79F063}"
EndProject
Global
	GlobalSection(SolutionConfigurationPlatforms) = preSolution
		Debug|Any CPU = Debug|Any CPU
		Release|Any CPU = Release|Any CPU
	EndGlobalSection
	GlobalSection(ProjectConfigurationPlatforms) = postSolution
		{0130750F-C772-403C-9C22-E6256A79F063}.Debug|Any CPU.ActiveCfg = Debug|Any CPU
		{0130750F-C772-403C-9C22-E6256A79F063}.Debug|Any CPU.Build.0 = Debug|Any CPU
		{0130750F-C772-403C-9C22-E6256A79F063}.Release|Any CPU.ActiveCfg = Release|Any CPU
		{0130750F-C772-403C-9C22-E6256A79F063}.Release|Any CPU.Build.0 = Release|Any CPU
	EndGlobalSection
	GlobalSection(SolutionProperties) = preSolution
		HideSolutionNode = FALSE
	EndGlobalSection
	GlobalSection(NestedProjects) = preSolution
		{0130750F-C772-403C-9C22-E6256A79F063} = {0AA83FA6-3840-4DCC-8C31-DFEF374C4B09}
	EndGlobalSection
EndGlobal
